// !$*UTF8*$!
{
	archiveVersion = 1;
	classes = {
	};
	objectVersion = 46;
	objects = {

/* Begin PBXBuildFile section */
		438546191D18C7D7007015B6 /* main.m in Sources */ = {isa = PBXBuildFile; fileRef = 438546181D18C7D7007015B6 /* main.m */; };
		4385461C1D18C7D7007015B6 /* AppDelegate.m in Sources */ = {isa = PBXBuildFile; fileRef = 4385461B1D18C7D7007015B6 /* AppDelegate.m */; };
		4385461F1D18C7D7007015B6 /* ViewController.m in Sources */ = {isa = PBXBuildFile; fileRef = 4385461E1D18C7D7007015B6 /* ViewController.m */; };
		438546221D18C7D7007015B6 /* Main.storyboard in Resources */ = {isa = PBXBuildFile; fileRef = 438546201D18C7D7007015B6 /* Main.storyboard */; };
		438546241D18C7D7007015B6 /* Assets.xcassets in Resources */ = {isa = PBXBuildFile; fileRef = 438546231D18C7D7007015B6 /* Assets.xcassets */; };
		438546271D18C7D7007015B6 /* LaunchScreen.storyboard in Resources */ = {isa = PBXBuildFile; fileRef = 438546251D18C7D7007015B6 /* LaunchScreen.storyboard */; };
/* End PBXBuildFile section */

/* Begin PBXFileReference section */
		438546141D18C7D7007015B6 /* BNI.app */ = {isa = PBXFileReference; explicitFileType = wrapper.application; includeInIndex = 0; path = BNI.app; sourceTree = BUILT_PRODUCTS_DIR; };
		438546181D18C7D7007015B6 /* main.m */ = {isa = PBXFileReference; lastKnownFileType = sourcecode.c.objc; path = main.m; sourceTree = "<group>"; };
		4385461A1D18C7D7007015B6 /* AppDelegate.h */ = {isa = PBXFileReference; lastKnownFileType = sourcecode.c.h; path = AppDelegate.h; sourceTree = "<group>"; };
		4385461B1D18C7D7007015B6 /* AppDelegate.m */ = {isa = PBXFileReference; lastKnownFileType = sourcecode.c.objc; path = AppDelegate.m; sourceTree = "<group>"; };
		4385461D1D18C7D7007015B6 /* ViewController.h */ = {isa = PBXFileReference; lastKnownFileType = sourcecode.c.h; path = ViewController.h; sourceTree = "<group>"; };
		4385461E1D18C7D7007015B6 /* ViewController.m */ = {isa = PBXFileReference; lastKnownFileType = sourcecode.c.objc; path = ViewController.m; sourceTree = "<group>"; };
		438546211D18C7D7007015B6 /* Base */ = {isa = PBXFileReference; lastKnownFileType = file.storyboard; name = Base; path = Base.lproj/Main.storyboard; sourceTree = "<group>"; };
		438546231D18C7D7007015B6 /* Assets.xcassets */ = {isa = PBXFileReference; lastKnownFileType = folder.assetcatalog; path = Assets.xcassets; sourceTree = "<group>"; };
		438546261D18C7D7007015B6 /* Base */ = {isa = PBXFileReference; lastKnownFileType = file.storyboard; name = Base; path = Base.lproj/LaunchScreen.storyboard; sourceTree = "<group>"; };
		438546281D18C7D7007015B6 /* Info.plist */ = {isa = PBXFileReference; lastKnownFileType = text.plist.xml; path = Info.plist; sourceTree = "<group>"; };
/* End PBXFileReference section */

/* Begin PBXFrameworksBuildPhase section */
		438546111D18C7D7007015B6 /* Frameworks */ = {
			isa = PBXFrameworksBuildPhase;
			buildActionMask = 2147483647;
			files = (
			);
			runOnlyForDeploymentPostprocessing = 0;
		};
/* End PBXFrameworksBuildPhase section */

/* Begin PBXGroup section */
		4385460B1D18C7D7007015B6 = {
			isa = PBXGroup;
			children = (
				438546161D18C7D7007015B6 /* BNI */,
				438546151D18C7D7007015B6 /* Products */,
			);
			sourceTree = "<group>";
		};
		438546151D18C7D7007015B6 /* Products */ = {
			isa = PBXGroup;
			children = (
				438546141D18C7D7007015B6 /* BNI.app */,
			);
			name = Products;
			sourceTree = "<group>";
		};
		438546161D18C7D7007015B6 /* BNI */ = {
			isa = PBXGroup;
			children = (
				4385461A1D18C7D7007015B6 /* AppDelegate.h */,
				4385461B1D18C7D7007015B6 /* AppDelegate.m */,
				4385461D1D18C7D7007015B6 /* ViewController.h */,
				4385461E1D18C7D7007015B6 /* ViewController.m */,
				438546201D18C7D7007015B6 /* Main.storyboard */,
				438546231D18C7D7007015B6 /* Assets.xcassets */,
				438546251D18C7D7007015B6 /* LaunchScreen.storyboard */,
				438546281D18C7D7007015B6 /* Info.plist */,
				438546171D18C7D7007015B6 /* Supporting Files */,
			);
			path = BNI;
			sourceTree = "<group>";
		};
		438546171D18C7D7007015B6 /* Supporting Files */ = {
			isa = PBXGroup;
			children = (
				438546181D18C7D7007015B6 /* main.m */,
			);
			name = "Supporting Files";
			sourceTree = "<group>";
		};
/* End PBXGroup section */

/* Begin PBXNativeTarget section */
		438546131D18C7D7007015B6 /* BNI */ = {
			isa = PBXNativeTarget;
			buildConfigurationList = 4385462B1D18C7D7007015B6 /* Build configuration list for PBXNativeTarget "BNI" */;
			buildPhases = (
				438546101D18C7D7007015B6 /* Sources */,
				438546111D18C7D7007015B6 /* Frameworks */,
				438546121D18C7D7007015B6 /* Resources */,
				433D5FE51D198B6900390E70 /* ShellScript */,
			);
			buildRules = (
			);
			dependencies = (
			);
			name = BNI;
			productName = BNI;
			productReference = 438546141D18C7D7007015B6 /* BNI.app */;
			productType = "com.apple.product-type.application";
		};
/* End PBXNativeTarget section */

/* Begin PBXProject section */
		4385460C1D18C7D7007015B6 /* Project object */ = {
			isa = PBXProject;
			attributes = {
				LastUpgradeCheck = 0730;
				ORGANIZATIONNAME = OctavioCortes;
				TargetAttributes = {
					438546131D18C7D7007015B6 = {
						CreatedOnToolsVersion = 7.3;
					};
				};
			};
			buildConfigurationList = 4385460F1D18C7D7007015B6 /* Build configuration list for PBXProject "BNI" */;
			compatibilityVersion = "Xcode 3.2";
			developmentRegion = English;
			hasScannedForEncodings = 0;
			knownRegions = (
				en,
				Base,
			);
			mainGroup = 4385460B1D18C7D7007015B6;
			productRefGroup = 438546151D18C7D7007015B6 /* Products */;
			projectDirPath = "";
			projectRoot = "";
			targets = (
				438546131D18C7D7007015B6 /* BNI */,
			);
		};
/* End PBXProject section */

/* Begin PBXResourcesBuildPhase section */
		438546121D18C7D7007015B6 /* Resources */ = {
			isa = PBXResourcesBuildPhase;
			buildActionMask = 2147483647;
			files = (
				438546271D18C7D7007015B6 /* LaunchScreen.storyboard in Resources */,
				438546241D18C7D7007015B6 /* Assets.xcassets in Resources */,
				438546221D18C7D7007015B6 /* Main.storyboard in Resources */,
			);
			runOnlyForDeploymentPostprocessing = 0;
		};
/* End PBXResourcesBuildPhase section */

/* Begin PBXShellScriptBuildPhase section */
		433D5FE51D198B6900390E70 /* ShellScript */ = {
			isa = PBXShellScriptBuildPhase;
			buildActionMask = 2147483647;
			files = (
			);
			inputPaths = (
			);
			outputPaths = (
			);
			runOnlyForDeploymentPostprocessing = 0;
			shellPath = /bin/sh;
			shellScript = "buildNumber=$(/usr/libexec/PlistBuddy -c \"Print CFBundleVersion\" \"${PROJECT_DIR}/${INFOPLIST_FILE}\")  \nbuildNumber=$(($buildNumber + 1))  \n/usr/libexec/PlistBuddy -c \"Set :CFBundleVersion $buildNumber\" \"${PROJECT_DIR}/${INFOPLIST_FILE}\"";
		};
/* End PBXShellScriptBuildPhase section */

/* Begin PBXSourcesBuildPhase section */
		438546101D18C7D7007015B6 /* Sources */ = {
			isa = PBXSourcesBuildPhase;
			buildActionMask = 2147483647;
			files = (
				4385461F1D18C7D7007015B6 /* ViewController.m in Sources */,
				4385461C1D18C7D7007015B6 /* AppDelegate.m in Sources */,
				438546191D18C7D7007015B6 /* main.m in Sources */,
			);
			runOnlyForDeploymentPostprocessing = 0;
		};
/* End PBXSourcesBuildPhase section */

/* Begin PBXVariantGroup section */
		438546201D18C7D7007015B6 /* Main.storyboard */ = {
			isa = PBXVariantGroup;
			children = (
				438546211D18C7D7007015B6 /* Base */,
			);
			name = Main.storyboard;
			sourceTree = "<group>";
		};
		438546251D18C7D7007015B6 /* LaunchScreen.storyboard */ = {
			isa = PBXVariantGroup;
			children = (
				438546261D18C7D7007015B6 /* Base */,
			);
			name = LaunchScreen.storyboard;
			sourceTree = "<group>";
		};
/* End PBXVariantGroup section */

/* Begin XCBuildConfiguration section */
		438546291D18C7D7007015B6 /* Debug */ = {
			isa = XCBuildConfiguration;
			buildSettings = {
				ALWAYS_SEARCH_USER_PATHS = NO;
				CLANG_ANALYZER_NONNULL = YES;
				CLANG_CXX_LANGUAGE_STANDARD = "gnu++0x";
				CLANG_CXX_LIBRARY = "libc++";
				CLANG_ENABLE_MODULES = YES;
				CLANG_ENABLE_OBJC_ARC = YES;
				CLANG_WARN_BOOL_CONVERSION = YES;
				CLANG_WARN_CONSTANT_CONVERSION = YES;
				CLANG_WARN_DIRECT_OBJC_ISA_USAGE = YES_ERROR;
				CLANG_WARN_EMPTY_BODY = YES;
				CLANG_WARN_ENUM_CONVERSION = YES;
				CLANG_WARN_INT_CONVERSION = YES;
				CLANG_WARN_OBJC_ROOT_CLASS = YES_ERROR;
				CLANG_WARN_UNREACHABLE_CODE = YES;
				CLANG_WARN__DUPLICATE_METHOD_MATCH = YES;
				"CODE_SIGN_IDENTITY[sdk=iphoneos*]" = "iPhone Developer";
				COPY_PHASE_STRIP = NO;
				DEBUG_INFORMATION_FORMAT = dwarf;
				ENABLE_STRICT_OBJC_MSGSEND = YES;
				ENABLE_TESTABILITY = YES;
				GCC_C_LANGUAGE_STANDARD = gnu99;
				GCC_DYNAMIC_NO_PIC = NO;
				GCC_NO_COMMON_BLOCKS = YES;
				GCC_OPTIMIZATION_LEVEL = 0;
				GCC_PREPROCESSOR_DEFINITIONS = (
					"DEBUG=1",
					"$(inherited)",
				);
				GCC_WARN_64_TO_32_BIT_CONVERSION = YES;
				GCC_WARN_ABOUT_RETURN_TYPE = YES_ERROR;
				GCC_WARN_UNDECLARED_SELECTOR = YES;
				GCC_WARN_UNINITIALIZED_AUTOS = YES_AGGRESSIVE;
				GCC_WARN_UNUSED_FUNCTION = YES;
				GCC_WARN_UNUSED_VARIABLE = YES;
				IPHONEOS_DEPLOYMENT_TARGET = 9.3;
				MTL_ENABLE_DEBUG_INFO = YES;
				ONLY_ACTIVE_ARCH = YES;
				SDKROOT = iphoneos;
				TARGETED_DEVICE_FAMILY = "1,2";
			};
			name = Debug;
		};
		4385462A1D18C7D7007015B6 /* Release */ = {
			isa = XCBuildConfiguration;
			buildSettings = {
				ALWAYS_SEARCH_USER_PATHS = NO;
				CLANG_ANALYZER_NONNULL = YES;
				CLANG_CXX_LANGUAGE_STANDARD = "gnu++0x";
				CLANG_CXX_LIBRARY = "libc++";
				CLANG_ENABLE_MODULES = YES;
				CLANG_ENABLE_OBJC_ARC = YES;
				CLANG_WARN_BOOL_CONVERSION = YES;
				CLANG_WARN_CONSTANT_CONVERSION = YES;
				CLANG_WARN_DIRECT_OBJC_ISA_USAGE = YES_ERROR;
				CLANG_WARN_EMPTY_BODY = YES;
				CLANG_WARN_ENUM_CONVERSION = YES;
				CLANG_WARN_INT_CONVERSION = YES;
				CLANG_WARN_OBJC_ROOT_CLASS = YES_ERROR;
				CLANG_WARN_UNREACHABLE_CODE = YES;
				CLANG_WARN__DUPLICATE_METHOD_MATCH = YES;
				"CODE_SIGN_IDENTITY[sdk=iphoneos*]" = "iPhone Developer";
				COPY_PHASE_STRIP = NO;
				DEBUG_INFORMATION_FORMAT = "dwarf-with-dsym";
				ENABLE_NS_ASSERTIONS = NO;
				ENABLE_STRICT_OBJC_MSGSEND = YES;
				GCC_C_LANGUAGE_STANDARD = gnu99;
				GCC_NO_COMMON_BLOCKS = YES;
				GCC_WARN_64_TO_32_BIT_CONVERSION = YES;
				GCC_WARN_ABOUT_RETURN_TYPE = YES_ERROR;
				GCC_WARN_UNDECLARED_SELECTOR = YES;
				GCC_WARN_UNINITIALIZED_AUTOS = YES_AGGRESSIVE;
				GCC_WARN_UNUSED_FUNCTION = YES;
				GCC_WARN_UNUSED_VARIABLE = YES;
				IPHONEOS_DEPLOYMENT_TARGET = 9.3;
				MTL_ENABLE_DEBUG_INFO = NO;
				SDKROOT = iphoneos;
				TARGETED_DEVICE_FAMILY = "1,2";
				VALIDATE_PRODUCT = YES;
			};
			name = Release;
		};
		4385462C1D18C7D7007015B6 /* Debug */ = {
			isa = XCBuildConfiguration;
			buildSettings = {
				ASSETCATALOG_COMPILER_APPICON_NAME = AppIcon;
				INFOPLIST_FILE = BNI/Info.plist;
				LD_RUNPATH_SEARCH_PATHS = "$(inherited) @executable_path/Frameworks";
				PRODUCT_BUNDLE_IDENTIFIER = com.octaviocortes.BNI;
				PRODUCT_NAME = "$(TARGET_NAME)";
			};
			name = Debug;
		};
		4385462D1D18C7D7007015B6 /* Release */ = {
			isa = XCBuildConfiguration;
			buildSettings = {
				ASSETCATALOG_COMPILER_APPICON_NAME = AppIcon;
				INFOPLIST_FILE = BNI/Info.plist;
				LD_RUNPATH_SEARCH_PATHS = "$(inherited) @executable_path/Frameworks";
				PRODUCT_BUNDLE_IDENTIFIER = com.octaviocortes.BNI;
				PRODUCT_NAME = "$(TARGET_NAME)";
			};
			name = Release;
		};
/* End XCBuildConfiguration section */

/* Begin XCConfigurationList section */
		4385460F1D18C7D7007015B6 /* Build configuration list for PBXProject "BNI" */ = {
			isa = XCConfigurationList;
			buildConfigurations = (
				438546291D18C7D7007015B6 /* Debug */,
				4385462A1D18C7D7007015B6 /* Release */,
			);
			defaultConfigurationIsVisible = 0;
			defaultConfigurationName = Release;
		};
		4385462B1D18C7D7007015B6 /* Build configuration list for PBXNativeTarget "BNI" */ = {
			isa = XCConfigurationList;
			buildConfigurations = (
				4385462C1D18C7D7007015B6 /* Debug */,
				4385462D1D18C7D7007015B6 /* Release */,
			);
			defaultConfigurationIsVisible = 0;
			defaultConfigurationName = Release;
		};
/* End XCConfigurationList section */
	};
	rootObject = 4385460C1D18C7D7007015B6 /* Project object */;
}
